// !$*UTF8*$!
{
	archiveVersion = 1;
	classes = {
	};
	objectVersion = 56;
	objects = {

/* Begin PBXBuildFile section */
		10DE1A1928FEF7F1000A8BF2 /* AppDelegate.swift in Sources */ = {isa = PBXBuildFile; fileRef = 10DE1A1828FEF7F1000A8BF2 /* AppDelegate.swift */; };
		10DE1A1B28FEF7F1000A8BF2 /* SceneDelegate.swift in Sources */ = {isa = PBXBuildFile; fileRef = 10DE1A1A28FEF7F1000A8BF2 /* SceneDelegate.swift */; };
		10DE1A1D28FEF7F1000A8BF2 /* ViewController.swift in Sources */ = {isa = PBXBuildFile; fileRef = 10DE1A1C28FEF7F1000A8BF2 /* ViewController.swift */; };
		10DE1A2028FEF7F1000A8BF2 /* Main.storyboard in Resources */ = {isa = PBXBuildFile; fileRef = 10DE1A1E28FEF7F1000A8BF2 /* Main.storyboard */; };
		10DE1A2228FEF7F2000A8BF2 /* Assets.xcassets in Resources */ = {isa = PBXBuildFile; fileRef = 10DE1A2128FEF7F2000A8BF2 /* Assets.xcassets */; };
		10DE1A2528FEF7F2000A8BF2 /* LaunchScreen.storyboard in Resources */ = {isa = PBXBuildFile; fileRef = 10DE1A2328FEF7F2000A8BF2 /* LaunchScreen.storyboard */; };
		10DE1A2D28FEFB88000A8BF2 /* Dogs_Helper.swift in Sources */ = {isa = PBXBuildFile; fileRef = 10DE1A2C28FEFB88000A8BF2 /* Dogs_Helper.swift */; };
		10DE1A2F28FEFC8D000A8BF2 /* Makeup_Helper.swift in Sources */ = {isa = PBXBuildFile; fileRef = 10DE1A2E28FEFC8D000A8BF2 /* Makeup_Helper.swift */; };
		10DE1A3128FEFCA5000A8BF2 /* Gender_Helper.swift in Sources */ = {isa = PBXBuildFile; fileRef = 10DE1A3028FEFCA5000A8BF2 /* Gender_Helper.swift */; };
/* End PBXBuildFile section */

/* Begin PBXFileReference section */
		10DE1A1528FEF7F1000A8BF2 /* PublicAPI.app */ = {isa = PBXFileReference; explicitFileType = wrapper.application; includeInIndex = 0; path = PublicAPI.app; sourceTree = BUILT_PRODUCTS_DIR; };
		10DE1A1828FEF7F1000A8BF2 /* AppDelegate.swift */ = {isa = PBXFileReference; lastKnownFileType = sourcecode.swift; path = AppDelegate.swift; sourceTree = "<group>"; };
		10DE1A1A28FEF7F1000A8BF2 /* SceneDelegate.swift */ = {isa = PBXFileReference; lastKnownFileType = sourcecode.swift; path = SceneDelegate.swift; sourceTree = "<group>"; };
		10DE1A1C28FEF7F1000A8BF2 /* ViewController.swift */ = {isa = PBXFileReference; lastKnownFileType = sourcecode.swift; path = ViewController.swift; sourceTree = "<group>"; };
		10DE1A1F28FEF7F1000A8BF2 /* Base */ = {isa = PBXFileReference; lastKnownFileType = file.storyboard; name = Base; path = Base.lproj/Main.storyboard; sourceTree = "<group>"; };
		10DE1A2128FEF7F2000A8BF2 /* Assets.xcassets */ = {isa = PBXFileReference; lastKnownFileType = folder.assetcatalog; path = Assets.xcassets; sourceTree = "<group>"; };
		10DE1A2428FEF7F2000A8BF2 /* Base */ = {isa = PBXFileReference; lastKnownFileType = file.storyboard; name = Base; path = Base.lproj/LaunchScreen.storyboard; sourceTree = "<group>"; };
		10DE1A2628FEF7F2000A8BF2 /* Info.plist */ = {isa = PBXFileReference; lastKnownFileType = text.plist.xml; path = Info.plist; sourceTree = "<group>"; };
		10DE1A2C28FEFB88000A8BF2 /* Dogs_Helper.swift */ = {isa = PBXFileReference; lastKnownFileType = sourcecode.swift; path = Dogs_Helper.swift; sourceTree = "<group>"; };
		10DE1A2E28FEFC8D000A8BF2 /* Makeup_Helper.swift */ = {isa = PBXFileReference; lastKnownFileType = sourcecode.swift; path = Makeup_Helper.swift; sourceTree = "<group>"; };
		10DE1A3028FEFCA5000A8BF2 /* Gender_Helper.swift */ = {isa = PBXFileReference; lastKnownFileType = sourcecode.swift; path = Gender_Helper.swift; sourceTree = "<group>"; };
/* End PBXFileReference section */

/* Begin PBXFrameworksBuildPhase section */
		10DE1A1228FEF7F1000A8BF2 /* Frameworks */ = {
			isa = PBXFrameworksBuildPhase;
			buildActionMask = 2147483647;
			files = (
			);
			runOnlyForDeploymentPostprocessing = 0;
		};
/* End PBXFrameworksBuildPhase section */

/* Begin PBXGroup section */
		10DE1A0C28FEF7F1000A8BF2 = {
			isa = PBXGroup;
			children = (
				10DE1A1728FEF7F1000A8BF2 /* PublicAPI */,
				10DE1A1628FEF7F1000A8BF2 /* Products */,
			);
			sourceTree = "<group>";
		};
		10DE1A1628FEF7F1000A8BF2 /* Products */ = {
			isa = PBXGroup;
			children = (
				10DE1A1528FEF7F1000A8BF2 /* PublicAPI.app */,
			);
			name = Products;
			sourceTree = "<group>";
		};
		10DE1A1728FEF7F1000A8BF2 /* PublicAPI */ = {
			isa = PBXGroup;
			children = (
				10DE1A1828FEF7F1000A8BF2 /* AppDelegate.swift */,
				10DE1A1A28FEF7F1000A8BF2 /* SceneDelegate.swift */,
				10DE1A1C28FEF7F1000A8BF2 /* ViewController.swift */,
				10DE1A1E28FEF7F1000A8BF2 /* Main.storyboard */,
				10DE1A2128FEF7F2000A8BF2 /* Assets.xcassets */,
				10DE1A2328FEF7F2000A8BF2 /* LaunchScreen.storyboard */,
				10DE1A2628FEF7F2000A8BF2 /* Info.plist */,
				10DE1A2C28FEFB88000A8BF2 /* Dogs_Helper.swift */,
				10DE1A2E28FEFC8D000A8BF2 /* Makeup_Helper.swift */,
				10DE1A3028FEFCA5000A8BF2 /* Gender_Helper.swift */,
			);
			path = PublicAPI;
			sourceTree = "<group>";
		};
/* End PBXGroup section */

/* Begin PBXNativeTarget section */
		10DE1A1428FEF7F1000A8BF2 /* PublicAPI */ = {
			isa = PBXNativeTarget;
			buildConfigurationList = 10DE1A2928FEF7F2000A8BF2 /* Build configuration list for PBXNativeTarget "PublicAPI" */;
			buildPhases = (
				10DE1A1128FEF7F1000A8BF2 /* Sources */,
				10DE1A1228FEF7F1000A8BF2 /* Frameworks */,
				10DE1A1328FEF7F1000A8BF2 /* Resources */,
			);
			buildRules = (
			);
			dependencies = (
			);
			name = PublicAPI;
			productName = PublicAPI;
			productReference = 10DE1A1528FEF7F1000A8BF2 /* PublicAPI.app */;
			productType = "com.apple.product-type.application";
		};
/* End PBXNativeTarget section */

/* Begin PBXProject section */
		10DE1A0D28FEF7F1000A8BF2 /* Project object */ = {
			isa = PBXProject;
			attributes = {
				BuildIndependentTargetsInParallel = 1;
				LastSwiftUpdateCheck = 1400;
				LastUpgradeCheck = 1400;
				TargetAttributes = {
					10DE1A1428FEF7F1000A8BF2 = {
						CreatedOnToolsVersion = 14.0.1;
					};
				};
			};
			buildConfigurationList = 10DE1A1028FEF7F1000A8BF2 /* Build configuration list for PBXProject "PublicAPI" */;
			compatibilityVersion = "Xcode 14.0";
			developmentRegion = en;
			hasScannedForEncodings = 0;
			knownRegions = (
				en,
				Base,
			);
			mainGroup = 10DE1A0C28FEF7F1000A8BF2;
			productRefGroup = 10DE1A1628FEF7F1000A8BF2 /* Products */;
			projectDirPath = "";
			projectRoot = "";
			targets = (
				10DE1A1428FEF7F1000A8BF2 /* PublicAPI */,
			);
		};
/* End PBXProject section */

/* Begin PBXResourcesBuildPhase section */
		10DE1A1328FEF7F1000A8BF2 /* Resources */ = {
			isa = PBXResourcesBuildPhase;
			buildActionMask = 2147483647;
			files = (
				10DE1A2528FEF7F2000A8BF2 /* LaunchScreen.storyboard in Resources */,
				10DE1A2228FEF7F2000A8BF2 /* Assets.xcassets in Resources */,
				10DE1A2028FEF7F1000A8BF2 /* Main.storyboard in Resources */,
			);
			runOnlyForDeploymentPostprocessing = 0;
		};
/* End PBXResourcesBuildPhase section */

/* Begin PBXSourcesBuildPhase section */
		10DE1A1128FEF7F1000A8BF2 /* Sources */ = {
			isa = PBXSourcesBuildPhase;
			buildActionMask = 2147483647;
			files = (
				10DE1A2D28FEFB88000A8BF2 /* Dogs_Helper.swift in Sources */,
				10DE1A3128FEFCA5000A8BF2 /* Gender_Helper.swift in Sources */,
				10DE1A1D28FEF7F1000A8BF2 /* ViewController.swift in Sources */,
				10DE1A2F28FEFC8D000A8BF2 /* Makeup_Helper.swift in Sources */,
				10DE1A1928FEF7F1000A8BF2 /* AppDelegate.swift in Sources */,
				10DE1A1B28FEF7F1000A8BF2 /* SceneDelegate.swift in Sources */,
			);
			runOnlyForDeploymentPostprocessing = 0;
		};
/* End PBXSourcesBuildPhase section */

/* Begin PBXVariantGroup section */
		10DE1A1E28FEF7F1000A8BF2 /* Main.storyboard */ = {
			isa = PBXVariantGroup;
			children = (
				10DE1A1F28FEF7F1000A8BF2 /* Base */,
			);
			name = Main.storyboard;
			sourceTree = "<group>";
		};
		10DE1A2328FEF7F2000A8BF2 /* LaunchScreen.storyboard */ = {
			isa = PBXVariantGroup;
			children = (
				10DE1A2428FEF7F2000A8BF2 /* Base */,
			);
			name = LaunchScreen.storyboard;
			sourceTree = "<group>";
		};
/* End PBXVariantGroup section */

/* Begin XCBuildConfiguration section */
		10DE1A2728FEF7F2000A8BF2 /* Debug */ = {
			isa = XCBuildConfiguration;
			buildSettings = {
				ALWAYS_SEARCH_USER_PATHS = NO;
				CLANG_ANALYZER_NONNULL = YES;
				CLANG_ANALYZER_NUMBER_OBJECT_CONVERSION = YES_AGGRESSIVE;
				CLANG_CXX_LANGUAGE_STANDARD = "gnu++20";
				CLANG_ENABLE_MODULES = YES;
				CLANG_ENABLE_OBJC_ARC = YES;
				CLANG_ENABLE_OBJC_WEAK = YES;
				CLANG_WARN_BLOCK_CAPTURE_AUTORELEASING = YES;
				CLANG_WARN_BOOL_CONVERSION = YES;
				CLANG_WARN_COMMA = YES;
				CLANG_WARN_CONSTANT_CONVERSION = YES;
				CLANG_WARN_DEPRECATED_OBJC_IMPLEMENTATIONS = YES;
				CLANG_WARN_DIRECT_OBJC_ISA_USAGE = YES_ERROR;
				CLANG_WARN_DOCUMENTATION_COMMENTS = YES;
				CLANG_WARN_EMPTY_BODY = YES;
				CLANG_WARN_ENUM_CONVERSION = YES;
				CLANG_WARN_INFINITE_RECURSION = YES;
				CLANG_WARN_INT_CONVERSION = YES;
				CLANG_WARN_NON_LITERAL_NULL_CONVERSION = YES;
				CLANG_WARN_OBJC_IMPLICIT_RETAIN_SELF = YES;
				CLANG_WARN_OBJC_LITERAL_CONVERSION = YES;
				CLANG_WARN_OBJC_ROOT_CLASS = YES_ERROR;
				CLANG_WARN_QUOTED_INCLUDE_IN_FRAMEWORK_HEADER = YES;
				CLANG_WARN_RANGE_LOOP_ANALYSIS = YES;
				CLANG_WARN_STRICT_PROTOTYPES = YES;
				CLANG_WARN_SUSPICIOUS_MOVE = YES;
				CLANG_WARN_UNGUARDED_AVAILABILITY = YES_AGGRESSIVE;
				CLANG_WARN_UNREACHABLE_CODE = YES;
				CLANG_WARN__DUPLICATE_METHOD_MATCH = YES;
				COPY_PHASE_STRIP = NO;
				DEBUG_INFORMATION_FORMAT = dwarf;
				ENABLE_STRICT_OBJC_MSGSEND = YES;
				ENABLE_TESTABILITY = YES;
				GCC_C_LANGUAGE_STANDARD = gnu11;
				GCC_DYNAMIC_NO_PIC = NO;
				GCC_NO_COMMON_BLOCKS = YES;
				GCC_OPTIMIZATION_LEVEL = 0;
				GCC_PREPROCESSOR_DEFINITIONS = (
					"DEBUG=1",
					"$(inherited)",
				);
				GCC_WARN_64_TO_32_BIT_CONVERSION = YES;
				GCC_WARN_ABOUT_RETURN_TYPE = YES_ERROR;
				GCC_WARN_UNDECLARED_SELECTOR = YES;
				GCC_WARN_UNINITIALIZED_AUTOS = YES_AGGRESSIVE;
				GCC_WARN_UNUSED_FUNCTION = YES;
				GCC_WARN_UNUSED_VARIABLE = YES;
				IPHONEOS_DEPLOYMENT_TARGET = 16.0;
				MTL_ENABLE_DEBUG_INFO = INCLUDE_SOURCE;
				MTL_FAST_MATH = YES;
				ONLY_ACTIVE_ARCH = YES;
				SDKROOT = iphoneos;
				SWIFT_ACTIVE_COMPILATION_CONDITIONS = DEBUG;
				SWIFT_OPTIMIZATION_LEVEL = "-Onone";
			};
			name = Debug;
		};
		10DE1A2828FEF7F2000A8BF2 /* Release */ = {
			isa = XCBuildConfiguration;
			buildSettings = {
				ALWAYS_SEARCH_USER_PATHS = NO;
				CLANG_ANALYZER_NONNULL = YES;
				CLANG_ANALYZER_NUMBER_OBJECT_CONVERSION = YES_AGGRESSIVE;
				CLANG_CXX_LANGUAGE_STANDARD = "gnu++20";
				CLANG_ENABLE_MODULES = YES;
				CLANG_ENABLE_OBJC_ARC = YES;
				CLANG_ENABLE_OBJC_WEAK = YES;
				CLANG_WARN_BLOCK_CAPTURE_AUTORELEASING = YES;
				CLANG_WARN_BOOL_CONVERSION = YES;
				CLANG_WARN_COMMA = YES;
				CLANG_WARN_CONSTANT_CONVERSION = YES;
				CLANG_WARN_DEPRECATED_OBJC_IMPLEMENTATIONS = YES;
				CLANG_WARN_DIRECT_OBJC_ISA_USAGE = YES_ERROR;
				CLANG_WARN_DOCUMENTATION_COMMENTS = YES;
				CLANG_WARN_EMPTY_BODY = YES;
				CLANG_WARN_ENUM_CONVERSION = YES;
				CLANG_WARN_INFINITE_RECURSION = YES;
				CLANG_WARN_INT_CONVERSION = YES;
				CLANG_WARN_NON_LITERAL_NULL_CONVERSION = YES;
				CLANG_WARN_OBJC_IMPLICIT_RETAIN_SELF = YES;
				CLANG_WARN_OBJC_LITERAL_CONVERSION = YES;
				CLANG_WARN_OBJC_ROOT_CLASS = YES_ERROR;
				CLANG_WARN_QUOTED_INCLUDE_IN_FRAMEWORK_HEADER = YES;
				CLANG_WARN_RANGE_LOOP_ANALYSIS = YES;
				CLANG_WARN_STRICT_PROTOTYPES = YES;
				CLANG_WARN_SUSPICIOUS_MOVE = YES;
				CLANG_WARN_UNGUARDED_AVAILABILITY = YES_AGGRESSIVE;
				CLANG_WARN_UNREACHABLE_CODE = YES;
				CLANG_WARN__DUPLICATE_METHOD_MATCH = YES;
				COPY_PHASE_STRIP = NO;
				DEBUG_INFORMATION_FORMAT = "dwarf-with-dsym";
				ENABLE_NS_ASSERTIONS = NO;
				ENABLE_STRICT_OBJC_MSGSEND = YES;
				GCC_C_LANGUAGE_STANDARD = gnu11;
				GCC_NO_COMMON_BLOCKS = YES;
				GCC_WARN_64_TO_32_BIT_CONVERSION = YES;
				GCC_WARN_ABOUT_RETURN_TYPE = YES_ERROR;
				GCC_WARN_UNDECLARED_SELECTOR = YES;
				GCC_WARN_UNINITIALIZED_AUTOS = YES_AGGRESSIVE;
				GCC_WARN_UNUSED_FUNCTION = YES;
				GCC_WARN_UNUSED_VARIABLE = YES;
				IPHONEOS_DEPLOYMENT_TARGET = 16.0;
				MTL_ENABLE_DEBUG_INFO = NO;
				MTL_FAST_MATH = YES;
				SDKROOT = iphoneos;
				SWIFT_COMPILATION_MODE = wholemodule;
				SWIFT_OPTIMIZATION_LEVEL = "-O";
				VALIDATE_PRODUCT = YES;
			};
			name = Release;
		};
		10DE1A2A28FEF7F2000A8BF2 /* Debug */ = {
			isa = XCBuildConfiguration;
			buildSettings = {
				ASSETCATALOG_COMPILER_APPICON_NAME = AppIcon;
				ASSETCATALOG_COMPILER_GLOBAL_ACCENT_COLOR_NAME = AccentColor;
				CODE_SIGN_STYLE = Automatic;
				CURRENT_PROJECT_VERSION = 1;
				GENERATE_INFOPLIST_FILE = YES;
				INFOPLIST_FILE = PublicAPI/Info.plist;
				INFOPLIST_KEY_UIApplicationSupportsIndirectInputEvents = YES;
				INFOPLIST_KEY_UILaunchStoryboardName = LaunchScreen;
				INFOPLIST_KEY_UIMainStoryboardFile = Main;
				INFOPLIST_KEY_UISupportedInterfaceOrientations_iPad = "UIInterfaceOrientationPortrait UIInterfaceOrientationPortraitUpsideDown UIInterfaceOrientationLandscapeLeft UIInterfaceOrientationLandscapeRight";
				INFOPLIST_KEY_UISupportedInterfaceOrientations_iPhone = "UIInterfaceOrientationPortrait UIInterfaceOrientationLandscapeLeft UIInterfaceOrientationLandscapeRight";
				LD_RUNPATH_SEARCH_PATHS = (
					"$(inherited)",
					"@executable_path/Frameworks",
				);
				MARKETING_VERSION = 1.0;
				PRODUCT_BUNDLE_IDENTIFIER = Rush.PublicAPI;
				PRODUCT_NAME = "$(TARGET_NAME)";
				SWIFT_EMIT_LOC_STRINGS = YES;
				SWIFT_VERSION = 5.0;
				TARGETED_DEVICE_FAMILY = "1,2";
			};
			name = Debug;
		};
		10DE1A2B28FEF7F2000A8BF2 /* Release */ = {
			isa = XCBuildConfiguration;
			buildSettings = {
				ASSETCATALOG_COMPILER_APPICON_NAME = AppIcon;
				ASSETCATALOG_COMPILER_GLOBAL_ACCENT_COLOR_NAME = AccentColor;
				CODE_SIGN_STYLE = Automatic;
				CURRENT_PROJECT_VERSION = 1;
				GENERATE_INFOPLIST_FILE = YES;
				INFOPLIST_FILE = PublicAPI/Info.plist;
				INFOPLIST_KEY_UIApplicationSupportsIndirectInputEvents = YES;
				INFOPLIST_KEY_UILaunchStoryboardName = LaunchScreen;
				INFOPLIST_KEY_UIMainStoryboardFile = Main;
				INFOPLIST_KEY_UISupportedInterfaceOrientations_iPad = "UIInterfaceOrientationPortrait UIInterfaceOrientationPortraitUpsideDown UIInterfaceOrientationLandscapeLeft UIInterfaceOrientationLandscapeRight";
				INFOPLIST_KEY_UISupportedInterfaceOrientations_iPhone = "UIInterfaceOrientationPortrait UIInterfaceOrientationLandscapeLeft UIInterfaceOrientationLandscapeRight";
				LD_RUNPATH_SEARCH_PATHS = (
					"$(inherited)",
					"@executable_path/Frameworks",
				);
				MARKETING_VERSION = 1.0;
				PRODUCT_BUNDLE_IDENTIFIER = Rush.PublicAPI;
				PRODUCT_NAME = "$(TARGET_NAME)";
				SWIFT_EMIT_LOC_STRINGS = YES;
				SWIFT_VERSION = 5.0;
				TARGETED_DEVICE_FAMILY = "1,2";
			};
			name = Release;
		};
/* End XCBuildConfiguration section */

/* Begin XCConfigurationList section */
		10DE1A1028FEF7F1000A8BF2 /* Build configuration list for PBXProject "PublicAPI" */ = {
			isa = XCConfigurationList;
			buildConfigurations = (
				10DE1A2728FEF7F2000A8BF2 /* Debug */,
				10DE1A2828FEF7F2000A8BF2 /* Release */,
			);
			defaultConfigurationIsVisible = 0;
			defaultConfigurationName = Release;
		};
		10DE1A2928FEF7F2000A8BF2 /* Build configuration list for PBXNativeTarget "PublicAPI" */ = {
			isa = XCConfigurationList;
			buildConfigurations = (
				10DE1A2A28FEF7F2000A8BF2 /* Debug */,
				10DE1A2B28FEF7F2000A8BF2 /* Release */,
			);
			defaultConfigurationIsVisible = 0;
			defaultConfigurationName = Release;
		};
/* End XCConfigurationList section */
	};
	rootObject = 10DE1A0D28FEF7F1000A8BF2 /* Project object */;
}
